<?xml version="1.0" encoding="UTF-8" standalone="yes" ?>
<CodeBlocks_project_file>
	<FileVersion major="1" minor="6" />
	<Project>
		<Option title="Aerolineas" />
		<Option pch_mode="2" />
		<Option compiler="gcc" />
		<Build>
			<Target title="Debug">
				<Option output="bin/Debug/pruebasgitcode" prefix_auto="1" extension_auto="1" />
				<Option object_output="obj/Debug/" />
				<Option type="1" />
				<Option compiler="gcc" />
				<Compiler>
					<Add option="-g" />
				</Compiler>
			</Target>
			<Target title="Release">
				<Option output="bin/Release/pruebasgitcode" prefix_auto="1" extension_auto="1" />
				<Option object_output="obj/Release/" />
				<Option type="1" />
				<Option compiler="gcc" />
				<Compiler>
					<Add option="-O2" />
				</Compiler>
				<Linker>
					<Add option="-s" />
				</Linker>
			</Target>
		</Build>
		<Compiler>
			<Add option="-Wall" />
			<Add option="-fexceptions" />
		</Compiler>
		<Unit filename="ArcClientes.h" />
		<Unit filename="ArcCompra.h" />
		<Unit filename="ArcDestinos.h" />
		<Unit filename="ArcReportes.h" />
		<Unit filename="ArcVuelos.h" />
		<Unit filename="clsClientes.h" />
		<Unit filename="clsCompra.h" />
		<Unit filename="clsDestinos.h" />
		<Unit filename="clsReportes.h" />
		<Unit filename="clsVuelos.h" />
		<Unit filename="main.cpp" />
		<Unit filename="menuClientes.h" />
		<Unit filename="menuCompra.h" />
		<Unit filename="menuDestinos.h" />
		<Unit filename="menuReportes.h" />
		<Unit filename="menuVuelos.h" />
		<Extensions>
			<lib_finder disable_auto="1" />
		</Extensions>
	</Project>
</CodeBlocks_project_file>
